PODS:
  - Chargebee (0.1.0)
  - Nimble (7.3.4)
  - Quick (1.2.0)

DEPENDENCIES:
  - Chargebee (from `../`)
  - Nimble (~> 7.0)
  - Quick (~> 1.2.0)

SPEC REPOS:
  trunk:
    - Nimble
    - Quick

EXTERNAL SOURCES:
  Chargebee:
    :path: "../"

SPEC CHECKSUMS:
  Chargebee: 921b567f23b1bbc1b95f4cec864c1f0a41adcbee
  Nimble: 051e3d8912d40138fa5591c78594f95fb172af37
  Quick: 58d203b1c5e27fff7229c4c1ae445ad7069a7a08

PODFILE CHECKSUM: f0dabb937ec2f116394f4d757a2ffb6d908d4d20

COCOAPODS: 1.9.3
