PODS:
  - Chargebee (1.0.19)
  - SwiftLint (0.50.3)

DEPENDENCIES:
  - Chargebee (from `../`)
  - SwiftLint

SPEC REPOS:
  trunk:
    - SwiftLint

EXTERNAL SOURCES:
  Chargebee:
    :path: "../"

SPEC CHECKSUMS:
  Chargebee: ea68cc06a7e806fc5bd319c435e079690fd0b3c0
  SwiftLint: 77f7cb2b9bb81ab4a12fcc86448ba3f11afa50c6

PODFILE CHECKSUM: 69e5230dbd3b9821c28c620fcedf2f5e626375c3

COCOAPODS: 1.11.3
