// !$*UTF8*$!
{
	archiveVersion = 1;
	classes = {
	};
	objectVersion = 46;
	objects = {

/* Begin PBXBuildFile section */
		20CCB493265ACAAD003E7AAD /* CBSDKProductsTableViewController.swift in Sources */ = {isa = PBXBuildFile; fileRef = 20CCB492265ACAAD003E7AAD /* CBSDKProductsTableViewController.swift */; };
		20CCB4B5265BB090003E7AAD /* CBSDKSubscriptionStatusViewController.swift in Sources */ = {isa = PBXBuildFile; fileRef = 20CCB4B4265BB090003E7AAD /* CBSDKSubscriptionStatusViewController.swift */; };
		607FACD61AFB9204008FA782 /* AppDelegate.swift in Sources */ = {isa = PBXBuildFile; fileRef = 607FACD51AFB9204008FA782 /* AppDelegate.swift */; };
		607FACD81AFB9204008FA782 /* CBSDKOptionsViewController.swift in Sources */ = {isa = PBXBuildFile; fileRef = 607FACD71AFB9204008FA782 /* CBSDKOptionsViewController.swift */; };
		607FACDB1AFB9204008FA782 /* Main.storyboard in Resources */ = {isa = PBXBuildFile; fileRef = 607FACD91AFB9204008FA782 /* Main.storyboard */; };
		607FACDD1AFB9204008FA782 /* Images.xcassets in Resources */ = {isa = PBXBuildFile; fileRef = 607FACDC1AFB9204008FA782 /* Images.xcassets */; };
		607FACE01AFB9204008FA782 /* LaunchScreen.xib in Resources */ = {isa = PBXBuildFile; fileRef = 607FACDE1AFB9204008FA782 /* LaunchScreen.xib */; };
		62B3F4F6713321E11E4A68BB /* Pods_Chargebee_Example.framework in Frameworks */ = {isa = PBXBuildFile; fileRef = 2172435AB6EDB8C0EB2804F6 /* Pods_Chargebee_Example.framework */; };
		72CD6DE82662856000E17CFE /* CBSDKPurchaseViewController.swift in Sources */ = {isa = PBXBuildFile; fileRef = 854BE17C2653A5E100A9190D /* CBSDKPurchaseViewController.swift */; };
		72CD6DEF2663F0B500E17CFE /* Configuration.storekit in Resources */ = {isa = PBXBuildFile; fileRef = 72CD6DEE2663F0B500E17CFE /* Configuration.storekit */; };
		851009C0265BDA4B00B6A12E /* CBSDKProductTableViewCell.swift in Sources */ = {isa = PBXBuildFile; fileRef = 851009BE265BDA4B00B6A12E /* CBSDKProductTableViewCell.swift */; };
		851009C1265BDA4B00B6A12E /* CBSDKProductTableViewCell.xib in Resources */ = {isa = PBXBuildFile; fileRef = 851009BF265BDA4B00B6A12E /* CBSDKProductTableViewCell.xib */; };
		851009CB265BE7E000B6A12E /* CBSDKConfigurationViewController.swift in Sources */ = {isa = PBXBuildFile; fileRef = 851009CA265BE7E000B6A12E /* CBSDKConfigurationViewController.swift */; };
		FA3ECF3524B6FA6C00643E63 /* CBSDKTokenViewController.swift in Sources */ = {isa = PBXBuildFile; fileRef = FA3ECF3424B6FA6C00643E63 /* CBSDKTokenViewController.swift */; };
		FA3ECF3724B6FDE300643E63 /* CBSDKPlanViewController.swift in Sources */ = {isa = PBXBuildFile; fileRef = FA3ECF3624B6FDE300643E63 /* CBSDKPlanViewController.swift */; };
		FA3ECF3924B6FDED00643E63 /* CBSDKAddonViewController.swift in Sources */ = {isa = PBXBuildFile; fileRef = FA3ECF3824B6FDED00643E63 /* CBSDKAddonViewController.swift */; };
/* End PBXBuildFile section */

/* Begin PBXFileReference section */
		11D26FE36CF981E946EE2FFA /* README.md */ = {isa = PBXFileReference; includeInIndex = 1; lastKnownFileType = net.daringfireball.markdown; name = README.md; path = ../README.md; sourceTree = "<group>"; };
		20CCB492265ACAAD003E7AAD /* CBSDKProductsTableViewController.swift */ = {isa = PBXFileReference; lastKnownFileType = sourcecode.swift; path = CBSDKProductsTableViewController.swift; sourceTree = "<group>"; };
		20CCB4B4265BB090003E7AAD /* CBSDKSubscriptionStatusViewController.swift */ = {isa = PBXFileReference; lastKnownFileType = sourcecode.swift; path = CBSDKSubscriptionStatusViewController.swift; sourceTree = "<group>"; };
		2172435AB6EDB8C0EB2804F6 /* Pods_Chargebee_Example.framework */ = {isa = PBXFileReference; explicitFileType = wrapper.framework; includeInIndex = 0; path = Pods_Chargebee_Example.framework; sourceTree = BUILT_PRODUCTS_DIR; };
		372AB47A894F58E78F9AFA7C /* Pods-Chargebee_Tests.debug.xcconfig */ = {isa = PBXFileReference; includeInIndex = 1; lastKnownFileType = text.xcconfig; name = "Pods-Chargebee_Tests.debug.xcconfig"; path = "Target Support Files/Pods-Chargebee_Tests/Pods-Chargebee_Tests.debug.xcconfig"; sourceTree = "<group>"; };
		607FACD01AFB9204008FA782 /* Chargebee_Example.app */ = {isa = PBXFileReference; explicitFileType = wrapper.application; includeInIndex = 0; path = Chargebee_Example.app; sourceTree = BUILT_PRODUCTS_DIR; };
		607FACD41AFB9204008FA782 /* Info.plist */ = {isa = PBXFileReference; lastKnownFileType = text.plist.xml; path = Info.plist; sourceTree = "<group>"; };
		607FACD51AFB9204008FA782 /* AppDelegate.swift */ = {isa = PBXFileReference; lastKnownFileType = sourcecode.swift; path = AppDelegate.swift; sourceTree = "<group>"; };
		607FACD71AFB9204008FA782 /* CBSDKOptionsViewController.swift */ = {isa = PBXFileReference; lastKnownFileType = sourcecode.swift; path = CBSDKOptionsViewController.swift; sourceTree = "<group>"; };
		607FACDA1AFB9204008FA782 /* Base */ = {isa = PBXFileReference; lastKnownFileType = file.storyboard; name = Base; path = Base.lproj/Main.storyboard; sourceTree = "<group>"; };
		607FACDC1AFB9204008FA782 /* Images.xcassets */ = {isa = PBXFileReference; lastKnownFileType = folder.assetcatalog; path = Images.xcassets; sourceTree = "<group>"; };
		607FACDF1AFB9204008FA782 /* Base */ = {isa = PBXFileReference; lastKnownFileType = file.xib; name = Base; path = Base.lproj/LaunchScreen.xib; sourceTree = "<group>"; };
		607FACEA1AFB9204008FA782 /* Info.plist */ = {isa = PBXFileReference; lastKnownFileType = text.plist.xml; path = Info.plist; sourceTree = "<group>"; };
		607FACEB1AFB9204008FA782 /* Tests.swift */ = {isa = PBXFileReference; lastKnownFileType = sourcecode.swift; path = Tests.swift; sourceTree = "<group>"; };
		6099F4CF2EFB42746EEA3CFC /* Chargebee.podspec */ = {isa = PBXFileReference; includeInIndex = 1; lastKnownFileType = text; name = Chargebee.podspec; path = ../Chargebee.podspec; sourceTree = "<group>"; };
		63558CE279E046838F75D3E6 /* LICENSE */ = {isa = PBXFileReference; includeInIndex = 1; lastKnownFileType = text; name = LICENSE; path = ../LICENSE; sourceTree = "<group>"; };
		72CD6DEE2663F0B500E17CFE /* Configuration.storekit */ = {isa = PBXFileReference; lastKnownFileType = text; path = Configuration.storekit; sourceTree = "<group>"; };
		851009BE265BDA4B00B6A12E /* CBSDKProductTableViewCell.swift */ = {isa = PBXFileReference; lastKnownFileType = sourcecode.swift; path = CBSDKProductTableViewCell.swift; sourceTree = "<group>"; };
		851009BF265BDA4B00B6A12E /* CBSDKProductTableViewCell.xib */ = {isa = PBXFileReference; lastKnownFileType = file.xib; path = CBSDKProductTableViewCell.xib; sourceTree = "<group>"; };
		851009CA265BE7E000B6A12E /* CBSDKConfigurationViewController.swift */ = {isa = PBXFileReference; lastKnownFileType = sourcecode.swift; path = CBSDKConfigurationViewController.swift; sourceTree = "<group>"; };
		854BE17C2653A5E100A9190D /* CBSDKPurchaseViewController.swift */ = {isa = PBXFileReference; lastKnownFileType = sourcecode.swift; path = CBSDKPurchaseViewController.swift; sourceTree = "<group>"; };
		880524BD03DBC913F225A876 /* Pods-Chargebee_Example.debug.xcconfig */ = {isa = PBXFileReference; includeInIndex = 1; lastKnownFileType = text.xcconfig; name = "Pods-Chargebee_Example.debug.xcconfig"; path = "Target Support Files/Pods-Chargebee_Example/Pods-Chargebee_Example.debug.xcconfig"; sourceTree = "<group>"; };
		C7F2A43A1A9BBA92A21E3458 /* Pods-Chargebee_Tests.release.xcconfig */ = {isa = PBXFileReference; includeInIndex = 1; lastKnownFileType = text.xcconfig; name = "Pods-Chargebee_Tests.release.xcconfig"; path = "Target Support Files/Pods-Chargebee_Tests/Pods-Chargebee_Tests.release.xcconfig"; sourceTree = "<group>"; };
		D16C7EFA579E1C49742E668F /* Pods-Chargebee_Example.release.xcconfig */ = {isa = PBXFileReference; includeInIndex = 1; lastKnownFileType = text.xcconfig; name = "Pods-Chargebee_Example.release.xcconfig"; path = "Target Support Files/Pods-Chargebee_Example/Pods-Chargebee_Example.release.xcconfig"; sourceTree = "<group>"; };
		F7312AE4F79735117B94AC47 /* Pods_Chargebee_Tests.framework */ = {isa = PBXFileReference; explicitFileType = wrapper.framework; includeInIndex = 0; path = Pods_Chargebee_Tests.framework; sourceTree = BUILT_PRODUCTS_DIR; };
		FA3ECF3424B6FA6C00643E63 /* CBSDKTokenViewController.swift */ = {isa = PBXFileReference; lastKnownFileType = sourcecode.swift; path = CBSDKTokenViewController.swift; sourceTree = "<group>"; };
		FA3ECF3624B6FDE300643E63 /* CBSDKPlanViewController.swift */ = {isa = PBXFileReference; lastKnownFileType = sourcecode.swift; path = CBSDKPlanViewController.swift; sourceTree = "<group>"; };
		FA3ECF3824B6FDED00643E63 /* CBSDKAddonViewController.swift */ = {isa = PBXFileReference; lastKnownFileType = sourcecode.swift; path = CBSDKAddonViewController.swift; sourceTree = "<group>"; };
/* End PBXFileReference section */

/* Begin PBXFrameworksBuildPhase section */
		607FACCD1AFB9204008FA782 /* Frameworks */ = {
			isa = PBXFrameworksBuildPhase;
			buildActionMask = 2147483647;
			files = (
				62B3F4F6713321E11E4A68BB /* Pods_Chargebee_Example.framework in Frameworks */,
			);
			runOnlyForDeploymentPostprocessing = 0;
		};
/* End PBXFrameworksBuildPhase section */

/* Begin PBXGroup section */
		201D6DAF26858E9F00EE8DF4 /* Views */ = {
			isa = PBXGroup;
			children = (
				201D6DB126858EB700EE8DF4 /* Cell */,
				607FACD91AFB9204008FA782 /* Main.storyboard */,
			);
			name = Views;
			sourceTree = "<group>";
		};
		201D6DB026858EA900EE8DF4 /* Controller */ = {
			isa = PBXGroup;
			children = (
				607FACD71AFB9204008FA782 /* CBSDKOptionsViewController.swift */,
				FA3ECF3424B6FA6C00643E63 /* CBSDKTokenViewController.swift */,
				FA3ECF3624B6FDE300643E63 /* CBSDKPlanViewController.swift */,
				FA3ECF3824B6FDED00643E63 /* CBSDKAddonViewController.swift */,
				854BE17C2653A5E100A9190D /* CBSDKPurchaseViewController.swift */,
				20CCB492265ACAAD003E7AAD /* CBSDKProductsTableViewController.swift */,
				20CCB4B4265BB090003E7AAD /* CBSDKSubscriptionStatusViewController.swift */,
				851009CA265BE7E000B6A12E /* CBSDKConfigurationViewController.swift */,
			);
			name = Controller;
			sourceTree = "<group>";
		};
		201D6DB126858EB700EE8DF4 /* Cell */ = {
			isa = PBXGroup;
			children = (
				851009BE265BDA4B00B6A12E /* CBSDKProductTableViewCell.swift */,
				851009BF265BDA4B00B6A12E /* CBSDKProductTableViewCell.xib */,
			);
			name = Cell;
			sourceTree = "<group>";
		};
		201D6DB326858EEE00EE8DF4 /* Resources */ = {
			isa = PBXGroup;
			children = (
				72CD6DEE2663F0B500E17CFE /* Configuration.storekit */,
			);
			name = Resources;
			sourceTree = "<group>";
		};
		2F12FF6EE59CE359AA610724 /* Pods */ = {
			isa = PBXGroup;
			children = (
				880524BD03DBC913F225A876 /* Pods-Chargebee_Example.debug.xcconfig */,
				D16C7EFA579E1C49742E668F /* Pods-Chargebee_Example.release.xcconfig */,
				372AB47A894F58E78F9AFA7C /* Pods-Chargebee_Tests.debug.xcconfig */,
				C7F2A43A1A9BBA92A21E3458 /* Pods-Chargebee_Tests.release.xcconfig */,
			);
			path = Pods;
			sourceTree = "<group>";
		};
		607FACC71AFB9204008FA782 = {
			isa = PBXGroup;
			children = (
				607FACF51AFB993E008FA782 /* Podspec Metadata */,
				607FACD21AFB9204008FA782 /* Example for Chargebee */,
				607FACE81AFB9204008FA782 /* Tests */,
				607FACD11AFB9204008FA782 /* Products */,
				2F12FF6EE59CE359AA610724 /* Pods */,
				AAD4F8DC1372EE4D1A09D929 /* Frameworks */,
			);
			sourceTree = "<group>";
		};
		607FACD11AFB9204008FA782 /* Products */ = {
			isa = PBXGroup;
			children = (
				607FACD01AFB9204008FA782 /* Chargebee_Example.app */,
			);
			name = Products;
			sourceTree = "<group>";
		};
		607FACD21AFB9204008FA782 /* Example for Chargebee */ = {
			isa = PBXGroup;
			children = (
				201D6DB326858EEE00EE8DF4 /* Resources */,
				201D6DB026858EA900EE8DF4 /* Controller */,
				201D6DAF26858E9F00EE8DF4 /* Views */,
				607FACD51AFB9204008FA782 /* AppDelegate.swift */,
				607FACDC1AFB9204008FA782 /* Images.xcassets */,
				607FACDE1AFB9204008FA782 /* LaunchScreen.xib */,
				607FACD31AFB9204008FA782 /* Supporting Files */,
			);
			name = "Example for Chargebee";
			path = Chargebee;
			sourceTree = "<group>";
		};
		607FACD31AFB9204008FA782 /* Supporting Files */ = {
			isa = PBXGroup;
			children = (
				607FACD41AFB9204008FA782 /* Info.plist */,
			);
			name = "Supporting Files";
			sourceTree = "<group>";
		};
		607FACE81AFB9204008FA782 /* Tests */ = {
			isa = PBXGroup;
			children = (
				607FACEB1AFB9204008FA782 /* Tests.swift */,
				607FACE91AFB9204008FA782 /* Supporting Files */,
			);
			path = Tests;
			sourceTree = "<group>";
		};
		607FACE91AFB9204008FA782 /* Supporting Files */ = {
			isa = PBXGroup;
			children = (
				607FACEA1AFB9204008FA782 /* Info.plist */,
			);
			name = "Supporting Files";
			sourceTree = "<group>";
		};
		607FACF51AFB993E008FA782 /* Podspec Metadata */ = {
			isa = PBXGroup;
			children = (
				6099F4CF2EFB42746EEA3CFC /* Chargebee.podspec */,
				11D26FE36CF981E946EE2FFA /* README.md */,
				63558CE279E046838F75D3E6 /* LICENSE */,
			);
			name = "Podspec Metadata";
			sourceTree = "<group>";
		};
		AAD4F8DC1372EE4D1A09D929 /* Frameworks */ = {
			isa = PBXGroup;
			children = (
				2172435AB6EDB8C0EB2804F6 /* Pods_Chargebee_Example.framework */,
				F7312AE4F79735117B94AC47 /* Pods_Chargebee_Tests.framework */,
			);
			name = Frameworks;
			sourceTree = "<group>";
		};
/* End PBXGroup section */

/* Begin PBXNativeTarget section */
		607FACCF1AFB9204008FA782 /* Chargebee_Example */ = {
			isa = PBXNativeTarget;
			buildConfigurationList = 607FACEF1AFB9204008FA782 /* Build configuration list for PBXNativeTarget "Chargebee_Example" */;
			buildPhases = (
				14752A223DBDF877A65E5AEA /* [CP] Check Pods Manifest.lock */,
				607FACCC1AFB9204008FA782 /* Sources */,
				607FACCD1AFB9204008FA782 /* Frameworks */,
				607FACCE1AFB9204008FA782 /* Resources */,
				153FF0938DA9A89FF4740119 /* [CP] Embed Pods Frameworks */,
			);
			buildRules = (
			);
			dependencies = (
			);
			name = Chargebee_Example;
			productName = Chargebee;
			productReference = 607FACD01AFB9204008FA782 /* Chargebee_Example.app */;
			productType = "com.apple.product-type.application";
		};
/* End PBXNativeTarget section */

/* Begin PBXProject section */
		607FACC81AFB9204008FA782 /* Project object */ = {
			isa = PBXProject;
			attributes = {
				LastSwiftUpdateCheck = 0830;
				LastUpgradeCheck = 0830;
				ORGANIZATIONNAME = CocoaPods;
				TargetAttributes = {
					607FACCF1AFB9204008FA782 = {
						CreatedOnToolsVersion = 6.3.1;
						DevelopmentTeam = 5QPY897A4W;
						LastSwiftMigration = 0900;
						ProvisioningStyle = Automatic;
					};
				};
			};
			buildConfigurationList = 607FACCB1AFB9204008FA782 /* Build configuration list for PBXProject "Chargebee" */;
			compatibilityVersion = "Xcode 3.2";
			developmentRegion = English;
			hasScannedForEncodings = 0;
			knownRegions = (
				English,
				en,
				Base,
			);
			mainGroup = 607FACC71AFB9204008FA782;
			productRefGroup = 607FACD11AFB9204008FA782 /* Products */;
			projectDirPath = "";
			projectRoot = "";
			targets = (
				607FACCF1AFB9204008FA782 /* Chargebee_Example */,
			);
		};
/* End PBXProject section */

/* Begin PBXResourcesBuildPhase section */
		607FACCE1AFB9204008FA782 /* Resources */ = {
			isa = PBXResourcesBuildPhase;
			buildActionMask = 2147483647;
			files = (
				607FACDB1AFB9204008FA782 /* Main.storyboard in Resources */,
				72CD6DEF2663F0B500E17CFE /* Configuration.storekit in Resources */,
				851009C1265BDA4B00B6A12E /* CBSDKProductTableViewCell.xib in Resources */,
				607FACE01AFB9204008FA782 /* LaunchScreen.xib in Resources */,
				607FACDD1AFB9204008FA782 /* Images.xcassets in Resources */,
			);
			runOnlyForDeploymentPostprocessing = 0;
		};
/* End PBXResourcesBuildPhase section */

/* Begin PBXShellScriptBuildPhase section */
		14752A223DBDF877A65E5AEA /* [CP] Check Pods Manifest.lock */ = {
			isa = PBXShellScriptBuildPhase;
			buildActionMask = 2147483647;
			files = (
			);
			inputFileListPaths = (
			);
			inputPaths = (
				"${PODS_PODFILE_DIR_PATH}/Podfile.lock",
				"${PODS_ROOT}/Manifest.lock",
			);
			name = "[CP] Check Pods Manifest.lock";
			outputFileListPaths = (
			);
			outputPaths = (
				"$(DERIVED_FILE_DIR)/Pods-Chargebee_Example-checkManifestLockResult.txt",
			);
			runOnlyForDeploymentPostprocessing = 0;
			shellPath = /bin/sh;
			shellScript = "diff \"${PODS_PODFILE_DIR_PATH}/Podfile.lock\" \"${PODS_ROOT}/Manifest.lock\" > /dev/null\nif [ $? != 0 ] ; then\n    # print error to STDERR\n    echo \"error: The sandbox is not in sync with the Podfile.lock. Run 'pod install' or update your CocoaPods installation.\" >&2\n    exit 1\nfi\n# This output is used by Xcode 'outputs' to avoid re-running this script phase.\necho \"SUCCESS\" > \"${SCRIPT_OUTPUT_FILE_0}\"\n";
			showEnvVarsInLog = 0;
		};
		153FF0938DA9A89FF4740119 /* [CP] Embed Pods Frameworks */ = {
			isa = PBXShellScriptBuildPhase;
			buildActionMask = 2147483647;
			files = (
			);
			inputPaths = (
				"${PODS_ROOT}/Target Support Files/Pods-Chargebee_Example/Pods-Chargebee_Example-frameworks.sh",
				"${BUILT_PRODUCTS_DIR}/Chargebee/Chargebee.framework",
			);
			name = "[CP] Embed Pods Frameworks";
			outputPaths = (
				"${TARGET_BUILD_DIR}/${FRAMEWORKS_FOLDER_PATH}/Chargebee.framework",
			);
			runOnlyForDeploymentPostprocessing = 0;
			shellPath = /bin/sh;
			shellScript = "\"${PODS_ROOT}/Target Support Files/Pods-Chargebee_Example/Pods-Chargebee_Example-frameworks.sh\"\n";
			showEnvVarsInLog = 0;
		};
/* End PBXShellScriptBuildPhase section */

/* Begin PBXSourcesBuildPhase section */
		607FACCC1AFB9204008FA782 /* Sources */ = {
			isa = PBXSourcesBuildPhase;
			buildActionMask = 2147483647;
			files = (
				72CD6DE82662856000E17CFE /* CBSDKPurchaseViewController.swift in Sources */,
				FA3ECF3924B6FDED00643E63 /* CBSDKAddonViewController.swift in Sources */,
				851009C0265BDA4B00B6A12E /* CBSDKProductTableViewCell.swift in Sources */,
				FA3ECF3524B6FA6C00643E63 /* CBSDKTokenViewController.swift in Sources */,
				851009CB265BE7E000B6A12E /* CBSDKConfigurationViewController.swift in Sources */,
				FA3ECF3724B6FDE300643E63 /* CBSDKPlanViewController.swift in Sources */,
				607FACD81AFB9204008FA782 /* CBSDKOptionsViewController.swift in Sources */,
				607FACD61AFB9204008FA782 /* AppDelegate.swift in Sources */,
				20CCB493265ACAAD003E7AAD /* CBSDKProductsTableViewController.swift in Sources */,
				20CCB4B5265BB090003E7AAD /* CBSDKSubscriptionStatusViewController.swift in Sources */,
			);
			runOnlyForDeploymentPostprocessing = 0;
		};
/* End PBXSourcesBuildPhase section */

/* Begin PBXVariantGroup section */
		607FACD91AFB9204008FA782 /* Main.storyboard */ = {
			isa = PBXVariantGroup;
			children = (
				607FACDA1AFB9204008FA782 /* Base */,
			);
			name = Main.storyboard;
			sourceTree = "<group>";
		};
		607FACDE1AFB9204008FA782 /* LaunchScreen.xib */ = {
			isa = PBXVariantGroup;
			children = (
				607FACDF1AFB9204008FA782 /* Base */,
			);
			name = LaunchScreen.xib;
			sourceTree = "<group>";
		};
/* End PBXVariantGroup section */

/* Begin XCBuildConfiguration section */
		607FACED1AFB9204008FA782 /* Debug */ = {
			isa = XCBuildConfiguration;
			buildSettings = {
				ALWAYS_SEARCH_USER_PATHS = NO;
				CLANG_CXX_LANGUAGE_STANDARD = "gnu++0x";
				CLANG_CXX_LIBRARY = "libc++";
				CLANG_ENABLE_MODULES = YES;
				CLANG_ENABLE_OBJC_ARC = YES;
				CLANG_WARN_BLOCK_CAPTURE_AUTORELEASING = YES;
				CLANG_WARN_BOOL_CONVERSION = YES;
				CLANG_WARN_COMMA = YES;
				CLANG_WARN_CONSTANT_CONVERSION = YES;
				CLANG_WARN_DIRECT_OBJC_ISA_USAGE = YES_ERROR;
				CLANG_WARN_EMPTY_BODY = YES;
				CLANG_WARN_ENUM_CONVERSION = YES;
				CLANG_WARN_INFINITE_RECURSION = YES;
				CLANG_WARN_INT_CONVERSION = YES;
				CLANG_WARN_NON_LITERAL_NULL_CONVERSION = YES;
				CLANG_WARN_OBJC_LITERAL_CONVERSION = YES;
				CLANG_WARN_OBJC_ROOT_CLASS = YES_ERROR;
				CLANG_WARN_RANGE_LOOP_ANALYSIS = YES;
				CLANG_WARN_STRICT_PROTOTYPES = YES;
				CLANG_WARN_SUSPICIOUS_MOVE = YES;
				CLANG_WARN_UNREACHABLE_CODE = YES;
				CLANG_WARN__DUPLICATE_METHOD_MATCH = YES;
				"CODE_SIGN_IDENTITY[sdk=iphoneos*]" = "iPhone Developer";
				COPY_PHASE_STRIP = NO;
				DEBUG_INFORMATION_FORMAT = "dwarf-with-dsym";
				ENABLE_STRICT_OBJC_MSGSEND = YES;
				ENABLE_TESTABILITY = YES;
				GCC_C_LANGUAGE_STANDARD = gnu99;
				GCC_DYNAMIC_NO_PIC = NO;
				GCC_NO_COMMON_BLOCKS = YES;
				GCC_OPTIMIZATION_LEVEL = 0;
				GCC_PREPROCESSOR_DEFINITIONS = (
					"DEBUG=1",
					"$(inherited)",
				);
				GCC_SYMBOLS_PRIVATE_EXTERN = NO;
				GCC_WARN_64_TO_32_BIT_CONVERSION = YES;
				GCC_WARN_ABOUT_RETURN_TYPE = YES_ERROR;
				GCC_WARN_UNDECLARED_SELECTOR = YES;
				GCC_WARN_UNINITIALIZED_AUTOS = YES_AGGRESSIVE;
				GCC_WARN_UNUSED_FUNCTION = YES;
				GCC_WARN_UNUSED_VARIABLE = YES;
				IPHONEOS_DEPLOYMENT_TARGET = 11.0;
				MTL_ENABLE_DEBUG_INFO = YES;
				ONLY_ACTIVE_ARCH = YES;
				SDKROOT = iphoneos;
				SWIFT_OPTIMIZATION_LEVEL = "-Onone";
			};
			name = Debug;
		};
		607FACEE1AFB9204008FA782 /* Release */ = {
			isa = XCBuildConfiguration;
			buildSettings = {
				ALWAYS_SEARCH_USER_PATHS = NO;
				CLANG_CXX_LANGUAGE_STANDARD = "gnu++0x";
				CLANG_CXX_LIBRARY = "libc++";
				CLANG_ENABLE_MODULES = YES;
				CLANG_ENABLE_OBJC_ARC = YES;
				CLANG_WARN_BLOCK_CAPTURE_AUTORELEASING = YES;
				CLANG_WARN_BOOL_CONVERSION = YES;
				CLANG_WARN_COMMA = YES;
				CLANG_WARN_CONSTANT_CONVERSION = YES;
				CLANG_WARN_DIRECT_OBJC_ISA_USAGE = YES_ERROR;
				CLANG_WARN_EMPTY_BODY = YES;
				CLANG_WARN_ENUM_CONVERSION = YES;
				CLANG_WARN_INFINITE_RECURSION = YES;
				CLANG_WARN_INT_CONVERSION = YES;
				CLANG_WARN_NON_LITERAL_NULL_CONVERSION = YES;
				CLANG_WARN_OBJC_LITERAL_CONVERSION = YES;
				CLANG_WARN_OBJC_ROOT_CLASS = YES_ERROR;
				CLANG_WARN_RANGE_LOOP_ANALYSIS = YES;
				CLANG_WARN_STRICT_PROTOTYPES = YES;
				CLANG_WARN_SUSPICIOUS_MOVE = YES;
				CLANG_WARN_UNREACHABLE_CODE = YES;
				CLANG_WARN__DUPLICATE_METHOD_MATCH = YES;
				"CODE_SIGN_IDENTITY[sdk=iphoneos*]" = "iPhone Developer";
				COPY_PHASE_STRIP = NO;
				DEBUG_INFORMATION_FORMAT = "dwarf-with-dsym";
				ENABLE_NS_ASSERTIONS = NO;
				ENABLE_STRICT_OBJC_MSGSEND = YES;
				GCC_C_LANGUAGE_STANDARD = gnu99;
				GCC_NO_COMMON_BLOCKS = YES;
				GCC_WARN_64_TO_32_BIT_CONVERSION = YES;
				GCC_WARN_ABOUT_RETURN_TYPE = YES_ERROR;
				GCC_WARN_UNDECLARED_SELECTOR = YES;
				GCC_WARN_UNINITIALIZED_AUTOS = YES_AGGRESSIVE;
				GCC_WARN_UNUSED_FUNCTION = YES;
				GCC_WARN_UNUSED_VARIABLE = YES;
				IPHONEOS_DEPLOYMENT_TARGET = 11.0;
				MTL_ENABLE_DEBUG_INFO = NO;
				SDKROOT = iphoneos;
				SWIFT_OPTIMIZATION_LEVEL = "-Owholemodule";
				VALIDATE_PRODUCT = YES;
			};
			name = Release;
		};
		607FACF01AFB9204008FA782 /* Debug */ = {
			isa = XCBuildConfiguration;
			baseConfigurationReference = 880524BD03DBC913F225A876 /* Pods-Chargebee_Example.debug.xcconfig */;
			buildSettings = {
				ASSETCATALOG_COMPILER_APPICON_NAME = AppIcon;
				CODE_SIGN_IDENTITY = "Apple Development";
				CODE_SIGN_STYLE = Automatic;
				CURRENT_PROJECT_VERSION = 04;
				DEVELOPMENT_TEAM = "";
				INFOPLIST_FILE = Chargebee/Info.plist;
				IPHONEOS_DEPLOYMENT_TARGET = 11.0;
				LD_RUNPATH_SEARCH_PATHS = "$(inherited) @executable_path/Frameworks";
				MARKETING_VERSION = 1.0.0;
				MODULE_NAME = ExampleApp;
				PRODUCT_BUNDLE_IDENTIFIER = com.chargebee.sdk;
				PRODUCT_NAME = "$(TARGET_NAME)";
				PROVISIONING_PROFILE_SPECIFIER = "";
				SWIFT_SWIFT3_OBJC_INFERENCE = Default;
				SWIFT_VERSION = 4.0;
			};
			name = Debug;
		};
		607FACF11AFB9204008FA782 /* Release */ = {
			isa = XCBuildConfiguration;
			baseConfigurationReference = D16C7EFA579E1C49742E668F /* Pods-Chargebee_Example.release.xcconfig */;
			buildSettings = {
				ASSETCATALOG_COMPILER_APPICON_NAME = AppIcon;
				CODE_SIGN_IDENTITY = "Apple Development";
				CODE_SIGN_STYLE = Automatic;
				CURRENT_PROJECT_VERSION = 04;
				DEVELOPMENT_TEAM = "";
				INFOPLIST_FILE = Chargebee/Info.plist;
				IPHONEOS_DEPLOYMENT_TARGET = 11.0;
				LD_RUNPATH_SEARCH_PATHS = "$(inherited) @executable_path/Frameworks";
				MARKETING_VERSION = 1.0.0;
				MODULE_NAME = ExampleApp;
				PRODUCT_BUNDLE_IDENTIFIER = com.chargebee.sdk;
				PRODUCT_NAME = "$(TARGET_NAME)";
				PROVISIONING_PROFILE_SPECIFIER = "";
				SWIFT_SWIFT3_OBJC_INFERENCE = Default;
				SWIFT_VERSION = 4.0;
			};
			name = Release;
		};
/* End XCBuildConfiguration section */

/* Begin XCConfigurationList section */
		607FACCB1AFB9204008FA782 /* Build configuration list for PBXProject "Chargebee" */ = {
			isa = XCConfigurationList;
			buildConfigurations = (
				607FACED1AFB9204008FA782 /* Debug */,
				607FACEE1AFB9204008FA782 /* Release */,
			);
			defaultConfigurationIsVisible = 0;
			defaultConfigurationName = Release;
		};
		607FACEF1AFB9204008FA782 /* Build configuration list for PBXNativeTarget "Chargebee_Example" */ = {
			isa = XCConfigurationList;
			buildConfigurations = (
				607FACF01AFB9204008FA782 /* Debug */,
				607FACF11AFB9204008FA782 /* Release */,
			);
			defaultConfigurationIsVisible = 0;
			defaultConfigurationName = Release;
		};
/* End XCConfigurationList section */
	};
	rootObject = 607FACC81AFB9204008FA782 /* Project object */;
}
